
Microsoft Visual Studio Solution File, Format Version 12.00
# Visual Studio Version 16
VisualStudioVersion = 16.0.30114.105
MinimumVisualStudioVersion = 10.0.40219.1
Project("{9A19103F-16F7-4668-BE54-9A1E7A4F7556}") = "IdentityServer4.Anonymous", "IdentityServer4.Endpoints\IdentityServer4.Anonymous.csproj", "{B598D268-7676-49D7-A742-AA33DCC2B5B0}"
EndProject
Project("{2150E333-8FDC-42A3-9474-1A3956D46DE8}") = "tests", "tests", "{1850661B-EDE3-4B2B-AD5E-AF4A7854DAC4}"
EndProject
Project("{9A19103F-16F7-4668-BE54-9A1E7A4F7556}") = "IdentityModel.Anonymous", "IdentityModel.PhoneAuthorizationEndpoint\IdentityModel.Anonymous.csproj", "{1E70AEC9-4397-4815-94A0-ABA248DCFD3D}"
EndProject
Project("{2150E333-8FDC-42A3-9474-1A3956D46DE8}") = "Migration", "Migration", "{D0EB8618-AF91-4D12-A42D-4CBCE29757E7}"
	ProjectSection(SolutionItems) = preProject
		Migration\UpdateDatabase.sql = Migration\UpdateDatabase.sql
	EndProjectSection
EndProject
Project("{2150E333-8FDC-42A3-9474-1A3956D46DE8}") = "Providers", "Providers", "{53434085-40D9-4DE4-B04E-64DA8B1D7F99}"
EndProject
Project("{9A19103F-16F7-4668-BE54-9A1E7A4F7556}") = "TwilioProviders", "Providers\Twilio\TwilioProviders.csproj", "{A20D19B0-41C1-4920-9980-B744D43C8F4D}"
EndProject
Project("{9A19103F-16F7-4668-BE54-9A1E7A4F7556}") = "E2ETests", "tests\Client\E2ETests.csproj", "{EAB2EB9A-03CD-4E74-B215-18CAB861DDF9}"
EndProject
Project("{E53339B2-1760-4266-BCC7-CA923CBCF16C}") = "docker-compose", "docker-compose.dcproj", "{B19EA225-D1DE-4AA5-8C2A-85B6C9C14619}"
EndProject
Project("{9A19103F-16F7-4668-BE54-9A1E7A4F7556}") = "IdentityServer4.Anonymous.Tests", "tests\AnonymousAuthorizationEndpoint.Tests\IdentityServer4.Anonymous.Tests.csproj", "{7FCBD041-5BED-46B7-961E-228246EA3601}"
EndProject
Project("{9A19103F-16F7-4668-BE54-9A1E7A4F7556}") = "IdentityServer", "tests\IdentityServer\IdentityServer.csproj", "{3AF62C6D-EF15-47C0-8EEB-1385711F98E2}"
EndProject
Project("{FAE04EC0-301F-11D3-BF4B-00C04F79EFBC}") = "RabbitMQ", "Providers\RabbitMQ\RabbitMQ.csproj", "{68A36ABC-0D31-427C-A1FC-20785D9FB922}"
EndProject
Global
	GlobalSection(SolutionConfigurationPlatforms) = preSolution
		Debug|Any CPU = Debug|Any CPU
		Release|Any CPU = Release|Any CPU
	EndGlobalSection
	GlobalSection(ProjectConfigurationPlatforms) = postSolution
		{B598D268-7676-49D7-A742-AA33DCC2B5B0}.Debug|Any CPU.ActiveCfg = Debug|Any CPU
		{B598D268-7676-49D7-A742-AA33DCC2B5B0}.Debug|Any CPU.Build.0 = Debug|Any CPU
		{B598D268-7676-49D7-A742-AA33DCC2B5B0}.Release|Any CPU.ActiveCfg = Release|Any CPU
		{B598D268-7676-49D7-A742-AA33DCC2B5B0}.Release|Any CPU.Build.0 = Release|Any CPU
		{1E70AEC9-4397-4815-94A0-ABA248DCFD3D}.Debug|Any CPU.ActiveCfg = Debug|Any CPU
		{1E70AEC9-4397-4815-94A0-ABA248DCFD3D}.Debug|Any CPU.Build.0 = Debug|Any CPU
		{1E70AEC9-4397-4815-94A0-ABA248DCFD3D}.Release|Any CPU.ActiveCfg = Release|Any CPU
		{1E70AEC9-4397-4815-94A0-ABA248DCFD3D}.Release|Any CPU.Build.0 = Release|Any CPU
		{A20D19B0-41C1-4920-9980-B744D43C8F4D}.Debug|Any CPU.ActiveCfg = Debug|Any CPU
		{A20D19B0-41C1-4920-9980-B744D43C8F4D}.Debug|Any CPU.Build.0 = Debug|Any CPU
		{A20D19B0-41C1-4920-9980-B744D43C8F4D}.Release|Any CPU.ActiveCfg = Release|Any CPU
		{A20D19B0-41C1-4920-9980-B744D43C8F4D}.Release|Any CPU.Build.0 = Release|Any CPU
		{EAB2EB9A-03CD-4E74-B215-18CAB861DDF9}.Debug|Any CPU.ActiveCfg = Debug|Any CPU
		{EAB2EB9A-03CD-4E74-B215-18CAB861DDF9}.Debug|Any CPU.Build.0 = Debug|Any CPU
		{EAB2EB9A-03CD-4E74-B215-18CAB861DDF9}.Release|Any CPU.ActiveCfg = Release|Any CPU
		{EAB2EB9A-03CD-4E74-B215-18CAB861DDF9}.Release|Any CPU.Build.0 = Release|Any CPU
		{B19EA225-D1DE-4AA5-8C2A-85B6C9C14619}.Debug|Any CPU.ActiveCfg = Debug|Any CPU
		{B19EA225-D1DE-4AA5-8C2A-85B6C9C14619}.Debug|Any CPU.Build.0 = Debug|Any CPU
		{B19EA225-D1DE-4AA5-8C2A-85B6C9C14619}.Release|Any CPU.ActiveCfg = Release|Any CPU
		{B19EA225-D1DE-4AA5-8C2A-85B6C9C14619}.Release|Any CPU.Build.0 = Release|Any CPU
		{7FCBD041-5BED-46B7-961E-228246EA3601}.Debug|Any CPU.ActiveCfg = Debug|Any CPU
		{7FCBD041-5BED-46B7-961E-228246EA3601}.Debug|Any CPU.Build.0 = Debug|Any CPU
		{7FCBD041-5BED-46B7-961E-228246EA3601}.Release|Any CPU.ActiveCfg = Release|Any CPU
		{7FCBD041-5BED-46B7-961E-228246EA3601}.Release|Any CPU.Build.0 = Release|Any CPU
		{3AF62C6D-EF15-47C0-8EEB-1385711F98E2}.Debug|Any CPU.ActiveCfg = Debug|Any CPU
		{3AF62C6D-EF15-47C0-8EEB-1385711F98E2}.Debug|Any CPU.Build.0 = Debug|Any CPU
		{3AF62C6D-EF15-47C0-8EEB-1385711F98E2}.Release|Any CPU.ActiveCfg = Release|Any CPU
		{3AF62C6D-EF15-47C0-8EEB-1385711F98E2}.Release|Any CPU.Build.0 = Release|Any CPU
		{68A36ABC-0D31-427C-A1FC-20785D9FB922}.Debug|Any CPU.ActiveCfg = Debug|Any CPU
		{68A36ABC-0D31-427C-A1FC-20785D9FB922}.Debug|Any CPU.Build.0 = Debug|Any CPU
		{68A36ABC-0D31-427C-A1FC-20785D9FB922}.Release|Any CPU.ActiveCfg = Release|Any CPU
		{68A36ABC-0D31-427C-A1FC-20785D9FB922}.Release|Any CPU.Build.0 = Release|Any CPU
	EndGlobalSection
	GlobalSection(SolutionProperties) = preSolution
		HideSolutionNode = FALSE
	EndGlobalSection
	GlobalSection(NestedProjects) = preSolution
		{A20D19B0-41C1-4920-9980-B744D43C8F4D} = {53434085-40D9-4DE4-B04E-64DA8B1D7F99}
		{EAB2EB9A-03CD-4E74-B215-18CAB861DDF9} = {1850661B-EDE3-4B2B-AD5E-AF4A7854DAC4}
		{7FCBD041-5BED-46B7-961E-228246EA3601} = {1850661B-EDE3-4B2B-AD5E-AF4A7854DAC4}
		{3AF62C6D-EF15-47C0-8EEB-1385711F98E2} = {1850661B-EDE3-4B2B-AD5E-AF4A7854DAC4}
		{68A36ABC-0D31-427C-A1FC-20785D9FB922} = {53434085-40D9-4DE4-B04E-64DA8B1D7F99}
	EndGlobalSection
	GlobalSection(ExtensibilityGlobals) = postSolution
		SolutionGuid = {89404D51-2C80-469A-B7BC-131A6DD78ADF}
	EndGlobalSection
EndGlobal
