
Microsoft Visual Studio Solution File, Format Version 12.00
# Visual Studio Version 16
VisualStudioVersion = 16.0.30114.105
MinimumVisualStudioVersion = 10.0.40219.1
Project("{9A19103F-16F7-4668-BE54-9A1E7A4F7556}") = "IdentityServer4.PhoneAuthorizationEndpoint", "IdentityServer4.Endpoints\IdentityServer4.PhoneAuthorizationEndpoint.csproj", "{B598D268-7676-49D7-A742-AA33DCC2B5B0}"
EndProject
Project("{2150E333-8FDC-42A3-9474-1A3956D46DE8}") = "tests", "tests", "{1850661B-EDE3-4B2B-AD5E-AF4A7854DAC4}"
EndProject
Project("{FAE04EC0-301F-11D3-BF4B-00C04F79EFBC}") = "Host", "tests\Host\Host.csproj", "{DF5458FB-9F00-4941-9134-B9A01430A9A8}"
EndProject
Project("{FAE04EC0-301F-11D3-BF4B-00C04F79EFBC}") = "PhoneAuthorizationEndpoint.Tests", "tests\PhoneAuthorizationEndpoint.Tests\PhoneAuthorizationEndpoint.Tests.csproj", "{F5E445A7-3F59-4B10-A305-2689FEE5F530}"
EndProject
Global
	GlobalSection(SolutionConfigurationPlatforms) = preSolution
		Debug|Any CPU = Debug|Any CPU
		Release|Any CPU = Release|Any CPU
	EndGlobalSection
	GlobalSection(ProjectConfigurationPlatforms) = postSolution
		{B598D268-7676-49D7-A742-AA33DCC2B5B0}.Debug|Any CPU.ActiveCfg = Debug|Any CPU
		{B598D268-7676-49D7-A742-AA33DCC2B5B0}.Debug|Any CPU.Build.0 = Debug|Any CPU
		{B598D268-7676-49D7-A742-AA33DCC2B5B0}.Release|Any CPU.ActiveCfg = Release|Any CPU
		{B598D268-7676-49D7-A742-AA33DCC2B5B0}.Release|Any CPU.Build.0 = Release|Any CPU
		{DF5458FB-9F00-4941-9134-B9A01430A9A8}.Debug|Any CPU.ActiveCfg = Debug|Any CPU
		{DF5458FB-9F00-4941-9134-B9A01430A9A8}.Debug|Any CPU.Build.0 = Debug|Any CPU
		{DF5458FB-9F00-4941-9134-B9A01430A9A8}.Release|Any CPU.ActiveCfg = Release|Any CPU
		{DF5458FB-9F00-4941-9134-B9A01430A9A8}.Release|Any CPU.Build.0 = Release|Any CPU
		{F5E445A7-3F59-4B10-A305-2689FEE5F530}.Debug|Any CPU.ActiveCfg = Debug|Any CPU
		{F5E445A7-3F59-4B10-A305-2689FEE5F530}.Debug|Any CPU.Build.0 = Debug|Any CPU
		{F5E445A7-3F59-4B10-A305-2689FEE5F530}.Release|Any CPU.ActiveCfg = Release|Any CPU
		{F5E445A7-3F59-4B10-A305-2689FEE5F530}.Release|Any CPU.Build.0 = Release|Any CPU
	EndGlobalSection
	GlobalSection(SolutionProperties) = preSolution
		HideSolutionNode = FALSE
	EndGlobalSection
	GlobalSection(NestedProjects) = preSolution
		{DF5458FB-9F00-4941-9134-B9A01430A9A8} = {1850661B-EDE3-4B2B-AD5E-AF4A7854DAC4}
		{F5E445A7-3F59-4B10-A305-2689FEE5F530} = {1850661B-EDE3-4B2B-AD5E-AF4A7854DAC4}
	EndGlobalSection
	GlobalSection(ExtensibilityGlobals) = postSolution
		SolutionGuid = {89404D51-2C80-469A-B7BC-131A6DD78ADF}
	EndGlobalSection
EndGlobal
